
Microsoft Visual Studio Solution File, Format Version 12.00
# Visual Studio Version 16
VisualStudioVersion = 16.0.29911.84
MinimumVisualStudioVersion = 10.0.40219.1
Project("{888888A0-9F3D-457C-B088-3A5042F75D52}") = "Auto-Shutdown", "Auto-Shutdown.pyproj", "{F4CFAB93-EF51-4EE0-8A5D-68232FB70188}"
EndProject
Global
	GlobalSection(SolutionConfigurationPlatforms) = preSolution
		Debug|Any CPU = Debug|Any CPU
		Release|Any CPU = Release|Any CPU
	EndGlobalSection
	GlobalSection(ProjectConfigurationPlatforms) = postSolution
		{F4CFAB93-EF51-4EE0-8A5D-68232FB70188}.Debug|Any CPU.ActiveCfg = Debug|Any CPU
		{F4CFAB93-EF51-4EE0-8A5D-68232FB70188}.Release|Any CPU.ActiveCfg = Release|Any CPU
	EndGlobalSection
	GlobalSection(SolutionProperties) = preSolution
		HideSolutionNode = FALSE
	EndGlobalSection
	GlobalSection(ExtensibilityGlobals) = postSolution
		SolutionGuid = {401A055A-4FEA-418D-943F-910D1635A695}
	EndGlobalSection
EndGlobal
